id: cask:the-clock
display-name: The Clock
homepage: https://seense.com/the_clock/
repo: null
docs:
  - https://www.seense.com/the_clock/help
  - https://www.seense.com/usermanual/the_clock4/macOS
config-file-location: null
credentials-file-location: null
history: null
category: productivity
package-manager:
  brew-cask: the-clock
package-manager-url: https://formulae.brew.sh/cask/the-clock
tags:
  - calendar
  - desktop
  - macos
  - meeting-planner
  - menu-bar
  - time-management
  - time-zones
  - world-clock
description: Clock and time zone app
applications:
  - The Clock.app
provenance:
  cask: the-clock
  provider: brew-cask
  source: https://formulae.brew.sh/api/cask.json
