id: cask:the-clock
display-name: The Clock
repo: null
docs:
  - https://www.seense.com/the_clock/help
  - https://www.seense.com/usermanual/the_clock4/macOS
config-file-location: null
credentials-file-location: null
history: null
tags:
  - calendar
  - desktop
  - macos
  - meeting-planner
  - menu-bar
  - time-management
  - time-zones
  - world-clock
provenance:
  category-sources:
    - 'Official product page: https://www.seense.com/the_clock/'
    - 'source_facts.description: "Clock and time zone app"'
  display-name-sources:
    - 'Official manual title: https://www.seense.com/usermanual/the_clock4/macOS/'
    - current_curation.display-name
  docs-sources:
    - 'Official macOS knowledge base: https://www.seense.com/the_clock/help/'
    - 'Official macOS user manual: https://www.seense.com/usermanual/the_clock4/macOS/'
  history-sources:
    - >
      The official product page, manual, and knowledge base document features and
      operation but provide insufficient reliable project or adoption history:
      https://www.seense.com/the_clock/
  repo-sources:
    - >
      The official commercial product, support, and documentation surfaces identify no
      public source-control project: https://www.seense.com/the_clock/
  tags-sources:
    - 'Official feature description: https://www.seense.com/the_clock/'
    - 'Official user manual: https://www.seense.com/usermanual/the_clock4/macOS/'
category-confidence: high
category-path:
  - productivity
  - time-management
display-name-confidence: high
docs-confidence: high
history-confidence: low
repo-confidence: high
tags-confidence: high
